// !$*UTF8*$!
{
	archiveVersion = 1;
	classes = {
	};
	objectVersion = 50;
	objects = {

/* Begin PBXBuildFile section */
		AA82BC492748427800EE35DE /* TemperatureModel.swift in Sources */ = {isa = PBXBuildFile; fileRef = AA82BC482748427800EE35DE /* TemperatureModel.swift */; };
		AAA8D0D6273C78A100E06924 /* TemperatureConverterApp.swift in Sources */ = {isa = PBXBuildFile; fileRef = AAA8D0D5273C78A100E06924 /* TemperatureConverterApp.swift */; };
		AAA8D0D8273C78A100E06924 /* TemperatureView.swift in Sources */ = {isa = PBXBuildFile; fileRef = AAA8D0D7273C78A100E06924 /* TemperatureView.swift */; };
		AAA8D0DA273C78A200E06924 /* Assets.xcassets in Resources */ = {isa = PBXBuildFile; fileRef = AAA8D0D9273C78A200E06924 /* Assets.xcassets */; };
		AAA8D0DD273C78A200E06924 /* Preview Assets.xcassets in Resources */ = {isa = PBXBuildFile; fileRef = AAA8D0DC273C78A200E06924 /* Preview Assets.xcassets */; };
		AAAAEBB3275B2A3300570EE6 /* TemperatureStore.swift in Sources */ = {isa = PBXBuildFile; fileRef = AAAAEBB2275B2A3300570EE6 /* TemperatureStore.swift */; };
		AACA93CE2746247E00482EB6 /* ScaleDetailView.swift in Sources */ = {isa = PBXBuildFile; fileRef = AACA93CD2746247E00482EB6 /* ScaleDetailView.swift */; };
		AACE193B275D36DE00879CDF /* NumbersOnly.swift in Sources */ = {isa = PBXBuildFile; fileRef = AACE193A275D36DE00879CDF /* NumbersOnly.swift */; };
		AACE193D275D619900879CDF /* SetTemperatureView.swift in Sources */ = {isa = PBXBuildFile; fileRef = AACE193C275D619900879CDF /* SetTemperatureView.swift */; };
/* End PBXBuildFile section */

/* Begin PBXFileReference section */
		AA82BC482748427800EE35DE /* TemperatureModel.swift */ = {isa = PBXFileReference; lastKnownFileType = sourcecode.swift; path = TemperatureModel.swift; sourceTree = "<group>"; };
		AAA8D0D2273C78A100E06924 /* TemperatureConverter.app */ = {isa = PBXFileReference; explicitFileType = wrapper.application; includeInIndex = 0; path = TemperatureConverter.app; sourceTree = BUILT_PRODUCTS_DIR; };
		AAA8D0D5273C78A100E06924 /* TemperatureConverterApp.swift */ = {isa = PBXFileReference; lastKnownFileType = sourcecode.swift; path = TemperatureConverterApp.swift; sourceTree = "<group>"; };
		AAA8D0D7273C78A100E06924 /* TemperatureView.swift */ = {isa = PBXFileReference; lastKnownFileType = sourcecode.swift; path = TemperatureView.swift; sourceTree = "<group>"; };
		AAA8D0D9273C78A200E06924 /* Assets.xcassets */ = {isa = PBXFileReference; lastKnownFileType = folder.assetcatalog; path = Assets.xcassets; sourceTree = "<group>"; };
		AAA8D0DC273C78A200E06924 /* Preview Assets.xcassets */ = {isa = PBXFileReference; lastKnownFileType = folder.assetcatalog; path = "Preview Assets.xcassets"; sourceTree = "<group>"; };
		AAA8D0DE273C78A200E06924 /* Info.plist */ = {isa = PBXFileReference; lastKnownFileType = text.plist.xml; path = Info.plist; sourceTree = "<group>"; };
		AAAAEBB2275B2A3300570EE6 /* TemperatureStore.swift */ = {isa = PBXFileReference; lastKnownFileType = sourcecode.swift; path = TemperatureStore.swift; sourceTree = "<group>"; };
		AACA93CD2746247E00482EB6 /* ScaleDetailView.swift */ = {isa = PBXFileReference; lastKnownFileType = sourcecode.swift; path = ScaleDetailView.swift; sourceTree = "<group>"; };
		AACE193A275D36DE00879CDF /* NumbersOnly.swift */ = {isa = PBXFileReference; lastKnownFileType = sourcecode.swift; path = NumbersOnly.swift; sourceTree = "<group>"; };
		AACE193C275D619900879CDF /* SetTemperatureView.swift */ = {isa = PBXFileReference; lastKnownFileType = sourcecode.swift; path = SetTemperatureView.swift; sourceTree = "<group>"; };
/* End PBXFileReference section */

/* Begin PBXFrameworksBuildPhase section */
		AAA8D0CF273C78A100E06924 /* Frameworks */ = {
			isa = PBXFrameworksBuildPhase;
			buildActionMask = 2147483647;
			files = (
			);
			runOnlyForDeploymentPostprocessing = 0;
		};
/* End PBXFrameworksBuildPhase section */

/* Begin PBXGroup section */
		AAA8D0C9273C78A100E06924 = {
			isa = PBXGroup;
			children = (
				AAA8D0D4273C78A100E06924 /* TemperatureConverter */,
				AAA8D0D3273C78A100E06924 /* Products */,
			);
			sourceTree = "<group>";
		};
		AAA8D0D3273C78A100E06924 /* Products */ = {
			isa = PBXGroup;
			children = (
				AAA8D0D2273C78A100E06924 /* TemperatureConverter.app */,
			);
			name = Products;
			sourceTree = "<group>";
		};
		AAA8D0D4273C78A100E06924 /* TemperatureConverter */ = {
			isa = PBXGroup;
			children = (
				AAA8D0D5273C78A100E06924 /* TemperatureConverterApp.swift */,
				AAA8D0D7273C78A100E06924 /* TemperatureView.swift */,
				AAAAEBB2275B2A3300570EE6 /* TemperatureStore.swift */,
				AA82BC482748427800EE35DE /* TemperatureModel.swift */,
				AACA93CD2746247E00482EB6 /* ScaleDetailView.swift */,
				AACE193A275D36DE00879CDF /* NumbersOnly.swift */,
				AAA8D0D9273C78A200E06924 /* Assets.xcassets */,
				AAA8D0DE273C78A200E06924 /* Info.plist */,
				AAA8D0DB273C78A200E06924 /* Preview Content */,
				AACE193C275D619900879CDF /* SetTemperatureView.swift */,
			);
			path = TemperatureConverter;
			sourceTree = "<group>";
		};
		AAA8D0DB273C78A200E06924 /* Preview Content */ = {
			isa = PBXGroup;
			children = (
				AAA8D0DC273C78A200E06924 /* Preview Assets.xcassets */,
			);
			path = "Preview Content";
			sourceTree = "<group>";
		};
/* End PBXGroup section */

/* Begin PBXNativeTarget section */
		AAA8D0D1273C78A100E06924 /* TemperatureConverter */ = {
			isa = PBXNativeTarget;
			buildConfigurationList = AAA8D0E1273C78A200E06924 /* Build configuration list for PBXNativeTarget "TemperatureConverter" */;
			buildPhases = (
				AAA8D0CE273C78A100E06924 /* Sources */,
				AAA8D0CF273C78A100E06924 /* Frameworks */,
				AAA8D0D0273C78A100E06924 /* Resources */,
			);
			buildRules = (
			);
			dependencies = (
			);
			name = TemperatureConverter;
			productName = TemperatureConverter;
			productReference = AAA8D0D2273C78A100E06924 /* TemperatureConverter.app */;
			productType = "com.apple.product-type.application";
		};
/* End PBXNativeTarget section */

/* Begin PBXProject section */
		AAA8D0CA273C78A100E06924 /* Project object */ = {
			isa = PBXProject;
			attributes = {
				LastSwiftUpdateCheck = 1250;
				LastUpgradeCheck = 1250;
				TargetAttributes = {
					AAA8D0D1273C78A100E06924 = {
						CreatedOnToolsVersion = 12.5.1;
					};
				};
			};
			buildConfigurationList = AAA8D0CD273C78A100E06924 /* Build configuration list for PBXProject "TemperatureConverter" */;
			compatibilityVersion = "Xcode 9.3";
			developmentRegion = en;
			hasScannedForEncodings = 0;
			knownRegions = (
				en,
				Base,
			);
			mainGroup = AAA8D0C9273C78A100E06924;
			productRefGroup = AAA8D0D3273C78A100E06924 /* Products */;
			projectDirPath = "";
			projectRoot = "";
			targets = (
				AAA8D0D1273C78A100E06924 /* TemperatureConverter */,
			);
		};
/* End PBXProject section */

/* Begin PBXResourcesBuildPhase section */
		AAA8D0D0273C78A100E06924 /* Resources */ = {
			isa = PBXResourcesBuildPhase;
			buildActionMask = 2147483647;
			files = (
				AAA8D0DD273C78A200E06924 /* Preview Assets.xcassets in Resources */,
				AAA8D0DA273C78A200E06924 /* Assets.xcassets in Resources */,
			);
			runOnlyForDeploymentPostprocessing = 0;
		};
/* End PBXResourcesBuildPhase section */

/* Begin PBXSourcesBuildPhase section */
		AAA8D0CE273C78A100E06924 /* Sources */ = {
			isa = PBXSourcesBuildPhase;
			buildActionMask = 2147483647;
			files = (
				AA82BC492748427800EE35DE /* TemperatureModel.swift in Sources */,
				AAA8D0D8273C78A100E06924 /* TemperatureView.swift in Sources */,
				AAAAEBB3275B2A3300570EE6 /* TemperatureStore.swift in Sources */,
				AAA8D0D6273C78A100E06924 /* TemperatureConverterApp.swift in Sources */,
				AACE193D275D619900879CDF /* SetTemperatureView.swift in Sources */,
				AACE193B275D36DE00879CDF /* NumbersOnly.swift in Sources */,
				AACA93CE2746247E00482EB6 /* ScaleDetailView.swift in Sources */,
			);
			runOnlyForDeploymentPostprocessing = 0;
		};
/* End PBXSourcesBuildPhase section */

/* Begin XCBuildConfiguration section */
		AAA8D0DF273C78A200E06924 /* Debug */ = {
			isa = XCBuildConfiguration;
			buildSettings = {
				ALWAYS_SEARCH_USER_PATHS = NO;
				CLANG_ANALYZER_NONNULL = YES;
				CLANG_ANALYZER_NUMBER_OBJECT_CONVERSION = YES_AGGRESSIVE;
				CLANG_CXX_LANGUAGE_STANDARD = "gnu++14";
				CLANG_CXX_LIBRARY = "libc++";
				CLANG_ENABLE_MODULES = YES;
				CLANG_ENABLE_OBJC_ARC = YES;
				CLANG_ENABLE_OBJC_WEAK = YES;
				CLANG_WARN_BLOCK_CAPTURE_AUTORELEASING = YES;
				CLANG_WARN_BOOL_CONVERSION = YES;
				CLANG_WARN_COMMA = YES;
				CLANG_WARN_CONSTANT_CONVERSION = YES;
				CLANG_WARN_DEPRECATED_OBJC_IMPLEMENTATIONS = YES;
				CLANG_WARN_DIRECT_OBJC_ISA_USAGE = YES_ERROR;
				CLANG_WARN_DOCUMENTATION_COMMENTS = YES;
				CLANG_WARN_EMPTY_BODY = YES;
				CLANG_WARN_ENUM_CONVERSION = YES;
				CLANG_WARN_INFINITE_RECURSION = YES;
				CLANG_WARN_INT_CONVERSION = YES;
				CLANG_WARN_NON_LITERAL_NULL_CONVERSION = YES;
				CLANG_WARN_OBJC_IMPLICIT_RETAIN_SELF = YES;
				CLANG_WARN_OBJC_LITERAL_CONVERSION = YES;
				CLANG_WARN_OBJC_ROOT_CLASS = YES_ERROR;
				CLANG_WARN_QUOTED_INCLUDE_IN_FRAMEWORK_HEADER = YES;
				CLANG_WARN_RANGE_LOOP_ANALYSIS = YES;
				CLANG_WARN_STRICT_PROTOTYPES = YES;
				CLANG_WARN_SUSPICIOUS_MOVE = YES;
				CLANG_WARN_UNGUARDED_AVAILABILITY = YES_AGGRESSIVE;
				CLANG_WARN_UNREACHABLE_CODE = YES;
				CLANG_WARN__DUPLICATE_METHOD_MATCH = YES;
				COPY_PHASE_STRIP = NO;
				DEBUG_INFORMATION_FORMAT = dwarf;
				ENABLE_STRICT_OBJC_MSGSEND = YES;
				ENABLE_TESTABILITY = YES;
				GCC_C_LANGUAGE_STANDARD = gnu11;
				GCC_DYNAMIC_NO_PIC = NO;
				GCC_NO_COMMON_BLOCKS = YES;
				GCC_OPTIMIZATION_LEVEL = 0;
				GCC_PREPROCESSOR_DEFINITIONS = (
					"DEBUG=1",
					"$(inherited)",
				);
				GCC_WARN_64_TO_32_BIT_CONVERSION = YES;
				GCC_WARN_ABOUT_RETURN_TYPE = YES_ERROR;
				GCC_WARN_UNDECLARED_SELECTOR = YES;
				GCC_WARN_UNINITIALIZED_AUTOS = YES_AGGRESSIVE;
				GCC_WARN_UNUSED_FUNCTION = YES;
				GCC_WARN_UNUSED_VARIABLE = YES;
				IPHONEOS_DEPLOYMENT_TARGET = 14.5;
				MTL_ENABLE_DEBUG_INFO = INCLUDE_SOURCE;
				MTL_FAST_MATH = YES;
				ONLY_ACTIVE_ARCH = YES;
				SDKROOT = iphoneos;
				SWIFT_ACTIVE_COMPILATION_CONDITIONS = DEBUG;
				SWIFT_OPTIMIZATION_LEVEL = "-Onone";
			};
			name = Debug;
		};
		AAA8D0E0273C78A200E06924 /* Release */ = {
			isa = XCBuildConfiguration;
			buildSettings = {
				ALWAYS_SEARCH_USER_PATHS = NO;
				CLANG_ANALYZER_NONNULL = YES;
				CLANG_ANALYZER_NUMBER_OBJECT_CONVERSION = YES_AGGRESSIVE;
				CLANG_CXX_LANGUAGE_STANDARD = "gnu++14";
				CLANG_CXX_LIBRARY = "libc++";
				CLANG_ENABLE_MODULES = YES;
				CLANG_ENABLE_OBJC_ARC = YES;
				CLANG_ENABLE_OBJC_WEAK = YES;
				CLANG_WARN_BLOCK_CAPTURE_AUTORELEASING = YES;
				CLANG_WARN_BOOL_CONVERSION = YES;
				CLANG_WARN_COMMA = YES;
				CLANG_WARN_CONSTANT_CONVERSION = YES;
				CLANG_WARN_DEPRECATED_OBJC_IMPLEMENTATIONS = YES;
				CLANG_WARN_DIRECT_OBJC_ISA_USAGE = YES_ERROR;
				CLANG_WARN_DOCUMENTATION_COMMENTS = YES;
				CLANG_WARN_EMPTY_BODY = YES;
				CLANG_WARN_ENUM_CONVERSION = YES;
				CLANG_WARN_INFINITE_RECURSION = YES;
				CLANG_WARN_INT_CONVERSION = YES;
				CLANG_WARN_NON_LITERAL_NULL_CONVERSION = YES;
				CLANG_WARN_OBJC_IMPLICIT_RETAIN_SELF = YES;
				CLANG_WARN_OBJC_LITERAL_CONVERSION = YES;
				CLANG_WARN_OBJC_ROOT_CLASS = YES_ERROR;
				CLANG_WARN_QUOTED_INCLUDE_IN_FRAMEWORK_HEADER = YES;
				CLANG_WARN_RANGE_LOOP_ANALYSIS = YES;
				CLANG_WARN_STRICT_PROTOTYPES = YES;
				CLANG_WARN_SUSPICIOUS_MOVE = YES;
				CLANG_WARN_UNGUARDED_AVAILABILITY = YES_AGGRESSIVE;
				CLANG_WARN_UNREACHABLE_CODE = YES;
				CLANG_WARN__DUPLICATE_METHOD_MATCH = YES;
				COPY_PHASE_STRIP = NO;
				DEBUG_INFORMATION_FORMAT = "dwarf-with-dsym";
				ENABLE_NS_ASSERTIONS = NO;
				ENABLE_STRICT_OBJC_MSGSEND = YES;
				GCC_C_LANGUAGE_STANDARD = gnu11;
				GCC_NO_COMMON_BLOCKS = YES;
				GCC_WARN_64_TO_32_BIT_CONVERSION = YES;
				GCC_WARN_ABOUT_RETURN_TYPE = YES_ERROR;
				GCC_WARN_UNDECLARED_SELECTOR = YES;
				GCC_WARN_UNINITIALIZED_AUTOS = YES_AGGRESSIVE;
				GCC_WARN_UNUSED_FUNCTION = YES;
				GCC_WARN_UNUSED_VARIABLE = YES;
				IPHONEOS_DEPLOYMENT_TARGET = 14.5;
				MTL_ENABLE_DEBUG_INFO = NO;
				MTL_FAST_MATH = YES;
				SDKROOT = iphoneos;
				SWIFT_COMPILATION_MODE = wholemodule;
				SWIFT_OPTIMIZATION_LEVEL = "-O";
				VALIDATE_PRODUCT = YES;
			};
			name = Release;
		};
		AAA8D0E2273C78A200E06924 /* Debug */ = {
			isa = XCBuildConfiguration;
			buildSettings = {
				ASSETCATALOG_COMPILER_APPICON_NAME = AppIcon;
				ASSETCATALOG_COMPILER_GLOBAL_ACCENT_COLOR_NAME = AccentColor;
				CODE_SIGN_STYLE = Automatic;
				DEVELOPMENT_ASSET_PATHS = "\"TemperatureConverter/Preview Content\"";
				DEVELOPMENT_TEAM = 955G9A58VT;
				ENABLE_PREVIEWS = YES;
				INFOPLIST_FILE = TemperatureConverter/Info.plist;
				IPHONEOS_DEPLOYMENT_TARGET = 14.0;
				LD_RUNPATH_SEARCH_PATHS = (
					"$(inherited)",
					"@executable_path/Frameworks",
				);
				PRODUCT_BUNDLE_IDENTIFIER = com.poltrack.TemperatureConverter;
				PRODUCT_NAME = "$(TARGET_NAME)";
				SWIFT_VERSION = 5.0;
				TARGETED_DEVICE_FAMILY = "1,2";
			};
			name = Debug;
		};
		AAA8D0E3273C78A200E06924 /* Release */ = {
			isa = XCBuildConfiguration;
			buildSettings = {
				ASSETCATALOG_COMPILER_APPICON_NAME = AppIcon;
				ASSETCATALOG_COMPILER_GLOBAL_ACCENT_COLOR_NAME = AccentColor;
				CODE_SIGN_STYLE = Automatic;
				DEVELOPMENT_ASSET_PATHS = "\"TemperatureConverter/Preview Content\"";
				DEVELOPMENT_TEAM = 955G9A58VT;
				ENABLE_PREVIEWS = YES;
				INFOPLIST_FILE = TemperatureConverter/Info.plist;
				IPHONEOS_DEPLOYMENT_TARGET = 14.0;
				LD_RUNPATH_SEARCH_PATHS = (
					"$(inherited)",
					"@executable_path/Frameworks",
				);
				PRODUCT_BUNDLE_IDENTIFIER = com.poltrack.TemperatureConverter;
				PRODUCT_NAME = "$(TARGET_NAME)";
				SWIFT_VERSION = 5.0;
				TARGETED_DEVICE_FAMILY = "1,2";
			};
			name = Release;
		};
/* End XCBuildConfiguration section */

/* Begin XCConfigurationList section */
		AAA8D0CD273C78A100E06924 /* Build configuration list for PBXProject "TemperatureConverter" */ = {
			isa = XCConfigurationList;
			buildConfigurations = (
				AAA8D0DF273C78A200E06924 /* Debug */,
				AAA8D0E0273C78A200E06924 /* Release */,
			);
			defaultConfigurationIsVisible = 0;
			defaultConfigurationName = Release;
		};
		AAA8D0E1273C78A200E06924 /* Build configuration list for PBXNativeTarget "TemperatureConverter" */ = {
			isa = XCConfigurationList;
			buildConfigurations = (
				AAA8D0E2273C78A200E06924 /* Debug */,
				AAA8D0E3273C78A200E06924 /* Release */,
			);
			defaultConfigurationIsVisible = 0;
			defaultConfigurationName = Release;
		};
/* End XCConfigurationList section */
	};
	rootObject = AAA8D0CA273C78A100E06924 /* Project object */;
}
